
Microsoft Visual Studio Solution File, Format Version 12.00
# Visual Studio Version 16
VisualStudioVersion = 16.0.29613.14
MinimumVisualStudioVersion = 10.0.40219.1
Project("{FAE04EC0-301F-11D3-BF4B-00C04F79EFBC}") = "MVCUploadFilesDemo", "MVCUploadFilesDemo\MVCUploadFilesDemo.csproj", "{073FC3A1-E724-458A-A31F-D9C317580EB9}"
EndProject
Global
	GlobalSection(SolutionConfigurationPlatforms) = preSolution
		Debug|Any CPU = Debug|Any CPU
		Release|Any CPU = Release|Any CPU
	EndGlobalSection
	GlobalSection(ProjectConfigurationPlatforms) = postSolution
		{073FC3A1-E724-458A-A31F-D9C317580EB9}.Debug|Any CPU.ActiveCfg = Debug|Any CPU
		{073FC3A1-E724-458A-A31F-D9C317580EB9}.Debug|Any CPU.Build.0 = Debug|Any CPU
		{073FC3A1-E724-458A-A31F-D9C317580EB9}.Release|Any CPU.ActiveCfg = Release|Any CPU
		{073FC3A1-E724-458A-A31F-D9C317580EB9}.Release|Any CPU.Build.0 = Release|Any CPU
	EndGlobalSection
	GlobalSection(SolutionProperties) = preSolution
		HideSolutionNode = FALSE
	EndGlobalSection
	GlobalSection(ExtensibilityGlobals) = postSolution
		SolutionGuid = {3484EE41-05F4-4F2D-977D-5DC3D7483F11}
	EndGlobalSection
EndGlobal
